
Microsoft Visual Studio Solution File, Format Version 12.00
# Visual Studio 15
VisualStudioVersion = 15.0.28307.329
MinimumVisualStudioVersion = 10.0.40219.1
Project("{FAE04EC0-301F-11D3-BF4B-00C04F79EFBC}") = "NestedClass", "NestedClass\NestedClass.csproj", "{943F811C-2A8A-426F-BBF0-7F75875A99F6}"
EndProject
Project("{FAE04EC0-301F-11D3-BF4B-00C04F79EFBC}") = "Nested_02", "Nested_02\Nested_02.csproj", "{7037F8D0-A6AB-4BBE-9DE9-AA3E4A12AF4E}"
EndProject
Project("{FAE04EC0-301F-11D3-BF4B-00C04F79EFBC}") = "Nested_03", "Nested_03\Nested_03.csproj", "{F2F854A4-6277-4767-BF0F-58DF2DAD29F3}"
EndProject
Project("{FAE04EC0-301F-11D3-BF4B-00C04F79EFBC}") = "Nested_04", "Nested_04\Nested_04.csproj", "{FF647C52-BE50-4E59-8EA5-9A8D6494CB12}"
EndProject
Project("{FAE04EC0-301F-11D3-BF4B-00C04F79EFBC}") = "Nested_05", "Nested_05\Nested_05.csproj", "{40BCA266-2A36-4A2F-B3DF-E30B5CBA80C0}"
EndProject
Project("{FAE04EC0-301F-11D3-BF4B-00C04F79EFBC}") = "Nested_06", "Nested_06\Nested_06.csproj", "{86F8088A-90D6-491F-A7A1-26FD61CB6EC4}"
EndProject
Project("{FAE04EC0-301F-11D3-BF4B-00C04F79EFBC}") = "Nested_07", "Nested_07\Nested_07.csproj", "{75D384DC-3F4D-4567-8488-143EF1B0337C}"
EndProject
Project("{FAE04EC0-301F-11D3-BF4B-00C04F79EFBC}") = "Delegation", "Delegation\Delegation.csproj", "{5E849663-697D-4717-B309-97229BD4D679}"
EndProject
Global
	GlobalSection(SolutionConfigurationPlatforms) = preSolution
		Debug|Any CPU = Debug|Any CPU
		Release|Any CPU = Release|Any CPU
	EndGlobalSection
	GlobalSection(ProjectConfigurationPlatforms) = postSolution
		{943F811C-2A8A-426F-BBF0-7F75875A99F6}.Debug|Any CPU.ActiveCfg = Debug|Any CPU
		{943F811C-2A8A-426F-BBF0-7F75875A99F6}.Debug|Any CPU.Build.0 = Debug|Any CPU
		{943F811C-2A8A-426F-BBF0-7F75875A99F6}.Release|Any CPU.ActiveCfg = Release|Any CPU
		{943F811C-2A8A-426F-BBF0-7F75875A99F6}.Release|Any CPU.Build.0 = Release|Any CPU
		{7037F8D0-A6AB-4BBE-9DE9-AA3E4A12AF4E}.Debug|Any CPU.ActiveCfg = Debug|Any CPU
		{7037F8D0-A6AB-4BBE-9DE9-AA3E4A12AF4E}.Debug|Any CPU.Build.0 = Debug|Any CPU
		{7037F8D0-A6AB-4BBE-9DE9-AA3E4A12AF4E}.Release|Any CPU.ActiveCfg = Release|Any CPU
		{7037F8D0-A6AB-4BBE-9DE9-AA3E4A12AF4E}.Release|Any CPU.Build.0 = Release|Any CPU
		{F2F854A4-6277-4767-BF0F-58DF2DAD29F3}.Debug|Any CPU.ActiveCfg = Debug|Any CPU
		{F2F854A4-6277-4767-BF0F-58DF2DAD29F3}.Debug|Any CPU.Build.0 = Debug|Any CPU
		{F2F854A4-6277-4767-BF0F-58DF2DAD29F3}.Release|Any CPU.ActiveCfg = Release|Any CPU
		{F2F854A4-6277-4767-BF0F-58DF2DAD29F3}.Release|Any CPU.Build.0 = Release|Any CPU
		{FF647C52-BE50-4E59-8EA5-9A8D6494CB12}.Debug|Any CPU.ActiveCfg = Debug|Any CPU
		{FF647C52-BE50-4E59-8EA5-9A8D6494CB12}.Debug|Any CPU.Build.0 = Debug|Any CPU
		{FF647C52-BE50-4E59-8EA5-9A8D6494CB12}.Release|Any CPU.ActiveCfg = Release|Any CPU
		{FF647C52-BE50-4E59-8EA5-9A8D6494CB12}.Release|Any CPU.Build.0 = Release|Any CPU
		{40BCA266-2A36-4A2F-B3DF-E30B5CBA80C0}.Debug|Any CPU.ActiveCfg = Debug|Any CPU
		{40BCA266-2A36-4A2F-B3DF-E30B5CBA80C0}.Debug|Any CPU.Build.0 = Debug|Any CPU
		{40BCA266-2A36-4A2F-B3DF-E30B5CBA80C0}.Release|Any CPU.ActiveCfg = Release|Any CPU
		{40BCA266-2A36-4A2F-B3DF-E30B5CBA80C0}.Release|Any CPU.Build.0 = Release|Any CPU
		{86F8088A-90D6-491F-A7A1-26FD61CB6EC4}.Debug|Any CPU.ActiveCfg = Debug|Any CPU
		{86F8088A-90D6-491F-A7A1-26FD61CB6EC4}.Debug|Any CPU.Build.0 = Debug|Any CPU
		{86F8088A-90D6-491F-A7A1-26FD61CB6EC4}.Release|Any CPU.ActiveCfg = Release|Any CPU
		{86F8088A-90D6-491F-A7A1-26FD61CB6EC4}.Release|Any CPU.Build.0 = Release|Any CPU
		{75D384DC-3F4D-4567-8488-143EF1B0337C}.Debug|Any CPU.ActiveCfg = Debug|Any CPU
		{75D384DC-3F4D-4567-8488-143EF1B0337C}.Debug|Any CPU.Build.0 = Debug|Any CPU
		{75D384DC-3F4D-4567-8488-143EF1B0337C}.Release|Any CPU.ActiveCfg = Release|Any CPU
		{75D384DC-3F4D-4567-8488-143EF1B0337C}.Release|Any CPU.Build.0 = Release|Any CPU
		{5E849663-697D-4717-B309-97229BD4D679}.Debug|Any CPU.ActiveCfg = Debug|Any CPU
		{5E849663-697D-4717-B309-97229BD4D679}.Debug|Any CPU.Build.0 = Debug|Any CPU
		{5E849663-697D-4717-B309-97229BD4D679}.Release|Any CPU.ActiveCfg = Release|Any CPU
		{5E849663-697D-4717-B309-97229BD4D679}.Release|Any CPU.Build.0 = Release|Any CPU
	EndGlobalSection
	GlobalSection(SolutionProperties) = preSolution
		HideSolutionNode = FALSE
	EndGlobalSection
	GlobalSection(ExtensibilityGlobals) = postSolution
		SolutionGuid = {9A643CAD-2C39-43B8-9E20-9C254729E42F}
	EndGlobalSection
EndGlobal
